{
  "originHash" : "d9625b409a960fb56f643888f200d342009d0f19deba2996d0aa934b4dda0df9",
  "pins" : [
    {
      "identity" : "swift-log",
      "kind" : "remoteSourceControl",
      "location" : "https://github.com/apple/swift-log.git",
      "state" : {
        "revision" : "bbd81b6725ae874c69e9b8c8804d462356b55523",
        "version" : "1.10.1"
      }
    }
  ],
  "version" : 3
}
